// !$*UTF8*$!
{
	archiveVersion = 1;
	classes = {
	};
	objectVersion = 50;
	objects = {

/* Begin PBXBuildFile section */
		CB975BD821C49AB100C072A1 /* AppDelegate.swift in Sources */ = {isa = PBXBuildFile; fileRef = CB975BD721C49AB100C072A1 /* AppDelegate.swift */; };
		CB975BDA21C49AB100C072A1 /* ViewController.swift in Sources */ = {isa = PBXBuildFile; fileRef = CB975BD921C49AB100C072A1 /* ViewController.swift */; };
		CB975BDD21C49AB100C072A1 /* Main.storyboard in Resources */ = {isa = PBXBuildFile; fileRef = CB975BDB21C49AB100C072A1 /* Main.storyboard */; };
		CB975BDF21C49AB200C072A1 /* Assets.xcassets in Resources */ = {isa = PBXBuildFile; fileRef = CB975BDE21C49AB200C072A1 /* Assets.xcassets */; };
		CB975BE221C49AB200C072A1 /* LaunchScreen.storyboard in Resources */ = {isa = PBXBuildFile; fileRef = CB975BE021C49AB200C072A1 /* LaunchScreen.storyboard */; };
		CB975BEA21C49C1100C072A1 /* User.swift in Sources */ = {isa = PBXBuildFile; fileRef = CB975BE921C49C1100C072A1 /* User.swift */; };
		DFA225BC68B7B36117480E82 /* Pods_ObejctMapping2.framework in Frameworks */ = {isa = PBXBuildFile; fileRef = 3574B5C814246441955519F5 /* Pods_ObejctMapping2.framework */; };
/* End PBXBuildFile section */

/* Begin PBXFileReference section */
		0B39C267B559FC5302D6FA92 /* Pods-ObejctMapping2.release.xcconfig */ = {isa = PBXFileReference; includeInIndex = 1; lastKnownFileType = text.xcconfig; name = "Pods-ObejctMapping2.release.xcconfig"; path = "Pods/Target Support Files/Pods-ObejctMapping2/Pods-ObejctMapping2.release.xcconfig"; sourceTree = "<group>"; };
		3574B5C814246441955519F5 /* Pods_ObejctMapping2.framework */ = {isa = PBXFileReference; explicitFileType = wrapper.framework; includeInIndex = 0; path = Pods_ObejctMapping2.framework; sourceTree = BUILT_PRODUCTS_DIR; };
		CB975BD421C49AB100C072A1 /* ObejctMapping2.app */ = {isa = PBXFileReference; explicitFileType = wrapper.application; includeInIndex = 0; path = ObejctMapping2.app; sourceTree = BUILT_PRODUCTS_DIR; };
		CB975BD721C49AB100C072A1 /* AppDelegate.swift */ = {isa = PBXFileReference; lastKnownFileType = sourcecode.swift; path = AppDelegate.swift; sourceTree = "<group>"; };
		CB975BD921C49AB100C072A1 /* ViewController.swift */ = {isa = PBXFileReference; lastKnownFileType = sourcecode.swift; path = ViewController.swift; sourceTree = "<group>"; };
		CB975BDC21C49AB100C072A1 /* Base */ = {isa = PBXFileReference; lastKnownFileType = file.storyboard; name = Base; path = Base.lproj/Main.storyboard; sourceTree = "<group>"; };
		CB975BDE21C49AB200C072A1 /* Assets.xcassets */ = {isa = PBXFileReference; lastKnownFileType = folder.assetcatalog; path = Assets.xcassets; sourceTree = "<group>"; };
		CB975BE121C49AB200C072A1 /* Base */ = {isa = PBXFileReference; lastKnownFileType = file.storyboard; name = Base; path = Base.lproj/LaunchScreen.storyboard; sourceTree = "<group>"; };
		CB975BE321C49AB200C072A1 /* Info.plist */ = {isa = PBXFileReference; lastKnownFileType = text.plist.xml; path = Info.plist; sourceTree = "<group>"; };
		CB975BE921C49C1100C072A1 /* User.swift */ = {isa = PBXFileReference; lastKnownFileType = sourcecode.swift; path = User.swift; sourceTree = "<group>"; };
		DD94BD24D78D4589DD232AF8 /* Pods-ObejctMapping2.debug.xcconfig */ = {isa = PBXFileReference; includeInIndex = 1; lastKnownFileType = text.xcconfig; name = "Pods-ObejctMapping2.debug.xcconfig"; path = "Pods/Target Support Files/Pods-ObejctMapping2/Pods-ObejctMapping2.debug.xcconfig"; sourceTree = "<group>"; };
/* End PBXFileReference section */

/* Begin PBXFrameworksBuildPhase section */
		CB975BD121C49AB100C072A1 /* Frameworks */ = {
			isa = PBXFrameworksBuildPhase;
			buildActionMask = 2147483647;
			files = (
				DFA225BC68B7B36117480E82 /* Pods_ObejctMapping2.framework in Frameworks */,
			);
			runOnlyForDeploymentPostprocessing = 0;
		};
/* End PBXFrameworksBuildPhase section */

/* Begin PBXGroup section */
		09669E76699E0EEF62025E7F /* Frameworks */ = {
			isa = PBXGroup;
			children = (
				3574B5C814246441955519F5 /* Pods_ObejctMapping2.framework */,
			);
			name = Frameworks;
			sourceTree = "<group>";
		};
		8A4F57DCFFF2EED67F5D3F24 /* Pods */ = {
			isa = PBXGroup;
			children = (
				DD94BD24D78D4589DD232AF8 /* Pods-ObejctMapping2.debug.xcconfig */,
				0B39C267B559FC5302D6FA92 /* Pods-ObejctMapping2.release.xcconfig */,
			);
			name = Pods;
			sourceTree = "<group>";
		};
		CB975BCB21C49AB100C072A1 = {
			isa = PBXGroup;
			children = (
				CB975BD621C49AB100C072A1 /* ObejctMapping2 */,
				CB975BD521C49AB100C072A1 /* Products */,
				8A4F57DCFFF2EED67F5D3F24 /* Pods */,
				09669E76699E0EEF62025E7F /* Frameworks */,
			);
			sourceTree = "<group>";
		};
		CB975BD521C49AB100C072A1 /* Products */ = {
			isa = PBXGroup;
			children = (
				CB975BD421C49AB100C072A1 /* ObejctMapping2.app */,
			);
			name = Products;
			sourceTree = "<group>";
		};
		CB975BD621C49AB100C072A1 /* ObejctMapping2 */ = {
			isa = PBXGroup;
			children = (
				CB975BD721C49AB100C072A1 /* AppDelegate.swift */,
				CB975BD921C49AB100C072A1 /* ViewController.swift */,
				CB975BDB21C49AB100C072A1 /* Main.storyboard */,
				CB975BDE21C49AB200C072A1 /* Assets.xcassets */,
				CB975BE021C49AB200C072A1 /* LaunchScreen.storyboard */,
				CB975BE321C49AB200C072A1 /* Info.plist */,
				CB975BE921C49C1100C072A1 /* User.swift */,
			);
			path = ObejctMapping2;
			sourceTree = "<group>";
		};
/* End PBXGroup section */

/* Begin PBXNativeTarget section */
		CB975BD321C49AB100C072A1 /* ObejctMapping2 */ = {
			isa = PBXNativeTarget;
			buildConfigurationList = CB975BE621C49AB200C072A1 /* Build configuration list for PBXNativeTarget "ObejctMapping2" */;
			buildPhases = (
				AF99611D6CC5D7455A2FB856 /* [CP] Check Pods Manifest.lock */,
				CB975BD021C49AB100C072A1 /* Sources */,
				CB975BD121C49AB100C072A1 /* Frameworks */,
				CB975BD221C49AB100C072A1 /* Resources */,
				2D59B78B704199CCC2051A62 /* [CP] Embed Pods Frameworks */,
			);
			buildRules = (
			);
			dependencies = (
			);
			name = ObejctMapping2;
			productName = ObejctMapping2;
			productReference = CB975BD421C49AB100C072A1 /* ObejctMapping2.app */;
			productType = "com.apple.product-type.application";
		};
/* End PBXNativeTarget section */

/* Begin PBXProject section */
		CB975BCC21C49AB100C072A1 /* Project object */ = {
			isa = PBXProject;
			attributes = {
				LastSwiftUpdateCheck = 1010;
				LastUpgradeCheck = 1010;
				ORGANIZATIONNAME = vattanac;
				TargetAttributes = {
					CB975BD321C49AB100C072A1 = {
						CreatedOnToolsVersion = 10.1;
					};
				};
			};
			buildConfigurationList = CB975BCF21C49AB100C072A1 /* Build configuration list for PBXProject "ObejctMapping2" */;
			compatibilityVersion = "Xcode 9.3";
			developmentRegion = en;
			hasScannedForEncodings = 0;
			knownRegions = (
				en,
				Base,
			);
			mainGroup = CB975BCB21C49AB100C072A1;
			productRefGroup = CB975BD521C49AB100C072A1 /* Products */;
			projectDirPath = "";
			projectRoot = "";
			targets = (
				CB975BD321C49AB100C072A1 /* ObejctMapping2 */,
			);
		};
/* End PBXProject section */

/* Begin PBXResourcesBuildPhase section */
		CB975BD221C49AB100C072A1 /* Resources */ = {
			isa = PBXResourcesBuildPhase;
			buildActionMask = 2147483647;
			files = (
				CB975BE221C49AB200C072A1 /* LaunchScreen.storyboard in Resources */,
				CB975BDF21C49AB200C072A1 /* Assets.xcassets in Resources */,
				CB975BDD21C49AB100C072A1 /* Main.storyboard in Resources */,
			);
			runOnlyForDeploymentPostprocessing = 0;
		};
/* End PBXResourcesBuildPhase section */

/* Begin PBXShellScriptBuildPhase section */
		2D59B78B704199CCC2051A62 /* [CP] Embed Pods Frameworks */ = {
			isa = PBXShellScriptBuildPhase;
			buildActionMask = 2147483647;
			files = (
			);
			inputFileListPaths = (
			);
			inputPaths = (
				"${SRCROOT}/Pods/Target Support Files/Pods-ObejctMapping2/Pods-ObejctMapping2-frameworks.sh",
				"${BUILT_PRODUCTS_DIR}/Alamofire/Alamofire.framework",
				"${BUILT_PRODUCTS_DIR}/ObjectMapper/ObjectMapper.framework",
				"${BUILT_PRODUCTS_DIR}/SwiftyJSON/SwiftyJSON.framework",
			);
			name = "[CP] Embed Pods Frameworks";
			outputFileListPaths = (
			);
			outputPaths = (
				"${TARGET_BUILD_DIR}/${FRAMEWORKS_FOLDER_PATH}/Alamofire.framework",
				"${TARGET_BUILD_DIR}/${FRAMEWORKS_FOLDER_PATH}/ObjectMapper.framework",
				"${TARGET_BUILD_DIR}/${FRAMEWORKS_FOLDER_PATH}/SwiftyJSON.framework",
			);
			runOnlyForDeploymentPostprocessing = 0;
			shellPath = /bin/sh;
			shellScript = "\"${SRCROOT}/Pods/Target Support Files/Pods-ObejctMapping2/Pods-ObejctMapping2-frameworks.sh\"\n";
			showEnvVarsInLog = 0;
		};
		AF99611D6CC5D7455A2FB856 /* [CP] Check Pods Manifest.lock */ = {
			isa = PBXShellScriptBuildPhase;
			buildActionMask = 2147483647;
			files = (
			);
			inputFileListPaths = (
			);
			inputPaths = (
				"${PODS_PODFILE_DIR_PATH}/Podfile.lock",
				"${PODS_ROOT}/Manifest.lock",
			);
			name = "[CP] Check Pods Manifest.lock";
			outputFileListPaths = (
			);
			outputPaths = (
				"$(DERIVED_FILE_DIR)/Pods-ObejctMapping2-checkManifestLockResult.txt",
			);
			runOnlyForDeploymentPostprocessing = 0;
			shellPath = /bin/sh;
			shellScript = "diff \"${PODS_PODFILE_DIR_PATH}/Podfile.lock\" \"${PODS_ROOT}/Manifest.lock\" > /dev/null\nif [ $? != 0 ] ; then\n    # print error to STDERR\n    echo \"error: The sandbox is not in sync with the Podfile.lock. Run 'pod install' or update your CocoaPods installation.\" >&2\n    exit 1\nfi\n# This output is used by Xcode 'outputs' to avoid re-running this script phase.\necho \"SUCCESS\" > \"${SCRIPT_OUTPUT_FILE_0}\"\n";
			showEnvVarsInLog = 0;
		};
/* End PBXShellScriptBuildPhase section */

/* Begin PBXSourcesBuildPhase section */
		CB975BD021C49AB100C072A1 /* Sources */ = {
			isa = PBXSourcesBuildPhase;
			buildActionMask = 2147483647;
			files = (
				CB975BDA21C49AB100C072A1 /* ViewController.swift in Sources */,
				CB975BD821C49AB100C072A1 /* AppDelegate.swift in Sources */,
				CB975BEA21C49C1100C072A1 /* User.swift in Sources */,
			);
			runOnlyForDeploymentPostprocessing = 0;
		};
/* End PBXSourcesBuildPhase section */

/* Begin PBXVariantGroup section */
		CB975BDB21C49AB100C072A1 /* Main.storyboard */ = {
			isa = PBXVariantGroup;
			children = (
				CB975BDC21C49AB100C072A1 /* Base */,
			);
			name = Main.storyboard;
			sourceTree = "<group>";
		};
		CB975BE021C49AB200C072A1 /* LaunchScreen.storyboard */ = {
			isa = PBXVariantGroup;
			children = (
				CB975BE121C49AB200C072A1 /* Base */,
			);
			name = LaunchScreen.storyboard;
			sourceTree = "<group>";
		};
/* End PBXVariantGroup section */

/* Begin XCBuildConfiguration section */
		CB975BE421C49AB200C072A1 /* Debug */ = {
			isa = XCBuildConfiguration;
			buildSettings = {
				ALWAYS_SEARCH_USER_PATHS = NO;
				CLANG_ANALYZER_NONNULL = YES;
				CLANG_ANALYZER_NUMBER_OBJECT_CONVERSION = YES_AGGRESSIVE;
				CLANG_CXX_LANGUAGE_STANDARD = "gnu++14";
				CLANG_CXX_LIBRARY = "libc++";
				CLANG_ENABLE_MODULES = YES;
				CLANG_ENABLE_OBJC_ARC = YES;
				CLANG_ENABLE_OBJC_WEAK = YES;
				CLANG_WARN_BLOCK_CAPTURE_AUTORELEASING = YES;
				CLANG_WARN_BOOL_CONVERSION = YES;
				CLANG_WARN_COMMA = YES;
				CLANG_WARN_CONSTANT_CONVERSION = YES;
				CLANG_WARN_DEPRECATED_OBJC_IMPLEMENTATIONS = YES;
				CLANG_WARN_DIRECT_OBJC_ISA_USAGE = YES_ERROR;
				CLANG_WARN_DOCUMENTATION_COMMENTS = YES;
				CLANG_WARN_EMPTY_BODY = YES;
				CLANG_WARN_ENUM_CONVERSION = YES;
				CLANG_WARN_INFINITE_RECURSION = YES;
				CLANG_WARN_INT_CONVERSION = YES;
				CLANG_WARN_NON_LITERAL_NULL_CONVERSION = YES;
				CLANG_WARN_OBJC_IMPLICIT_RETAIN_SELF = YES;
				CLANG_WARN_OBJC_LITERAL_CONVERSION = YES;
				CLANG_WARN_OBJC_ROOT_CLASS = YES_ERROR;
				CLANG_WARN_RANGE_LOOP_ANALYSIS = YES;
				CLANG_WARN_STRICT_PROTOTYPES = YES;
				CLANG_WARN_SUSPICIOUS_MOVE = YES;
				CLANG_WARN_UNGUARDED_AVAILABILITY = YES_AGGRESSIVE;
				CLANG_WARN_UNREACHABLE_CODE = YES;
				CLANG_WARN__DUPLICATE_METHOD_MATCH = YES;
				CODE_SIGN_IDENTITY = "iPhone Developer";
				COPY_PHASE_STRIP = NO;
				DEBUG_INFORMATION_FORMAT = dwarf;
				ENABLE_STRICT_OBJC_MSGSEND = YES;
				ENABLE_TESTABILITY = YES;
				GCC_C_LANGUAGE_STANDARD = gnu11;
				GCC_DYNAMIC_NO_PIC = NO;
				GCC_NO_COMMON_BLOCKS = YES;
				GCC_OPTIMIZATION_LEVEL = 0;
				GCC_PREPROCESSOR_DEFINITIONS = (
					"DEBUG=1",
					"$(inherited)",
				);
				GCC_WARN_64_TO_32_BIT_CONVERSION = YES;
				GCC_WARN_ABOUT_RETURN_TYPE = YES_ERROR;
				GCC_WARN_UNDECLARED_SELECTOR = YES;
				GCC_WARN_UNINITIALIZED_AUTOS = YES_AGGRESSIVE;
				GCC_WARN_UNUSED_FUNCTION = YES;
				GCC_WARN_UNUSED_VARIABLE = YES;
				IPHONEOS_DEPLOYMENT_TARGET = 12.1;
				MTL_ENABLE_DEBUG_INFO = INCLUDE_SOURCE;
				MTL_FAST_MATH = YES;
				ONLY_ACTIVE_ARCH = YES;
				SDKROOT = iphoneos;
				SWIFT_ACTIVE_COMPILATION_CONDITIONS = DEBUG;
				SWIFT_OPTIMIZATION_LEVEL = "-Onone";
			};
			name = Debug;
		};
		CB975BE521C49AB200C072A1 /* Release */ = {
			isa = XCBuildConfiguration;
			buildSettings = {
				ALWAYS_SEARCH_USER_PATHS = NO;
				CLANG_ANALYZER_NONNULL = YES;
				CLANG_ANALYZER_NUMBER_OBJECT_CONVERSION = YES_AGGRESSIVE;
				CLANG_CXX_LANGUAGE_STANDARD = "gnu++14";
				CLANG_CXX_LIBRARY = "libc++";
				CLANG_ENABLE_MODULES = YES;
				CLANG_ENABLE_OBJC_ARC = YES;
				CLANG_ENABLE_OBJC_WEAK = YES;
				CLANG_WARN_BLOCK_CAPTURE_AUTORELEASING = YES;
				CLANG_WARN_BOOL_CONVERSION = YES;
				CLANG_WARN_COMMA = YES;
				CLANG_WARN_CONSTANT_CONVERSION = YES;
				CLANG_WARN_DEPRECATED_OBJC_IMPLEMENTATIONS = YES;
				CLANG_WARN_DIRECT_OBJC_ISA_USAGE = YES_ERROR;
				CLANG_WARN_DOCUMENTATION_COMMENTS = YES;
				CLANG_WARN_EMPTY_BODY = YES;
				CLANG_WARN_ENUM_CONVERSION = YES;
				CLANG_WARN_INFINITE_RECURSION = YES;
				CLANG_WARN_INT_CONVERSION = YES;
				CLANG_WARN_NON_LITERAL_NULL_CONVERSION = YES;
				CLANG_WARN_OBJC_IMPLICIT_RETAIN_SELF = YES;
				CLANG_WARN_OBJC_LITERAL_CONVERSION = YES;
				CLANG_WARN_OBJC_ROOT_CLASS = YES_ERROR;
				CLANG_WARN_RANGE_LOOP_ANALYSIS = YES;
				CLANG_WARN_STRICT_PROTOTYPES = YES;
				CLANG_WARN_SUSPICIOUS_MOVE = YES;
				CLANG_WARN_UNGUARDED_AVAILABILITY = YES_AGGRESSIVE;
				CLANG_WARN_UNREACHABLE_CODE = YES;
				CLANG_WARN__DUPLICATE_METHOD_MATCH = YES;
				CODE_SIGN_IDENTITY = "iPhone Developer";
				COPY_PHASE_STRIP = NO;
				DEBUG_INFORMATION_FORMAT = "dwarf-with-dsym";
				ENABLE_NS_ASSERTIONS = NO;
				ENABLE_STRICT_OBJC_MSGSEND = YES;
				GCC_C_LANGUAGE_STANDARD = gnu11;
				GCC_NO_COMMON_BLOCKS = YES;
				GCC_WARN_64_TO_32_BIT_CONVERSION = YES;
				GCC_WARN_ABOUT_RETURN_TYPE = YES_ERROR;
				GCC_WARN_UNDECLARED_SELECTOR = YES;
				GCC_WARN_UNINITIALIZED_AUTOS = YES_AGGRESSIVE;
				GCC_WARN_UNUSED_FUNCTION = YES;
				GCC_WARN_UNUSED_VARIABLE = YES;
				IPHONEOS_DEPLOYMENT_TARGET = 12.1;
				MTL_ENABLE_DEBUG_INFO = NO;
				MTL_FAST_MATH = YES;
				SDKROOT = iphoneos;
				SWIFT_COMPILATION_MODE = wholemodule;
				SWIFT_OPTIMIZATION_LEVEL = "-O";
				VALIDATE_PRODUCT = YES;
			};
			name = Release;
		};
		CB975BE721C49AB200C072A1 /* Debug */ = {
			isa = XCBuildConfiguration;
			baseConfigurationReference = DD94BD24D78D4589DD232AF8 /* Pods-ObejctMapping2.debug.xcconfig */;
			buildSettings = {
				ASSETCATALOG_COMPILER_APPICON_NAME = AppIcon;
				CODE_SIGN_STYLE = Automatic;
				DEVELOPMENT_TEAM = SLX43TCA7R;
				INFOPLIST_FILE = ObejctMapping2/Info.plist;
				LD_RUNPATH_SEARCH_PATHS = (
					"$(inherited)",
					"@executable_path/Frameworks",
				);
				PRODUCT_BUNDLE_IDENTIFIER = com.vatttanac.ObejctMapping2;
				PRODUCT_NAME = "$(TARGET_NAME)";
				SWIFT_VERSION = 4.2;
				TARGETED_DEVICE_FAMILY = "1,2";
			};
			name = Debug;
		};
		CB975BE821C49AB200C072A1 /* Release */ = {
			isa = XCBuildConfiguration;
			baseConfigurationReference = 0B39C267B559FC5302D6FA92 /* Pods-ObejctMapping2.release.xcconfig */;
			buildSettings = {
				ASSETCATALOG_COMPILER_APPICON_NAME = AppIcon;
				CODE_SIGN_STYLE = Automatic;
				DEVELOPMENT_TEAM = SLX43TCA7R;
				INFOPLIST_FILE = ObejctMapping2/Info.plist;
				LD_RUNPATH_SEARCH_PATHS = (
					"$(inherited)",
					"@executable_path/Frameworks",
				);
				PRODUCT_BUNDLE_IDENTIFIER = com.vatttanac.ObejctMapping2;
				PRODUCT_NAME = "$(TARGET_NAME)";
				SWIFT_VERSION = 4.2;
				TARGETED_DEVICE_FAMILY = "1,2";
			};
			name = Release;
		};
/* End XCBuildConfiguration section */

/* Begin XCConfigurationList section */
		CB975BCF21C49AB100C072A1 /* Build configuration list for PBXProject "ObejctMapping2" */ = {
			isa = XCConfigurationList;
			buildConfigurations = (
				CB975BE421C49AB200C072A1 /* Debug */,
				CB975BE521C49AB200C072A1 /* Release */,
			);
			defaultConfigurationIsVisible = 0;
			defaultConfigurationName = Release;
		};
		CB975BE621C49AB200C072A1 /* Build configuration list for PBXNativeTarget "ObejctMapping2" */ = {
			isa = XCConfigurationList;
			buildConfigurations = (
				CB975BE721C49AB200C072A1 /* Debug */,
				CB975BE821C49AB200C072A1 /* Release */,
			);
			defaultConfigurationIsVisible = 0;
			defaultConfigurationName = Release;
		};
/* End XCConfigurationList section */
	};
	rootObject = CB975BCC21C49AB100C072A1 /* Project object */;
}
